{
  "version": "2",
  "remote": {
    "https://cdn.skypack.dev/-/debug@v4.3.4-o4liVvMlOnQWbLSYZMXw/dist=es2019,mode=imports/optimized/debug.js": "671100993996e39b501301a87000607916d4d2d9f8fc8e9c5200ae5ba64a1389",
    "https://cdn.skypack.dev/-/ms@v2.1.2-giBDZ1IA5lmQ3ZXaa87V/dist=es2019,mode=imports/optimized/ms.js": "fd88e2d51900437011f1ad232f3393ce97db1b87a7844b3c58dd6d65562c1276",
    "https://cdn.skypack.dev/debug@4.3.4": "7b1d010cc930f71b940ba5941da055bc181115229e29de7214bdb4425c68ea76",
    "https://deno.land/std@0.162.0/_util/assert.ts": "e94f2eb37cebd7f199952e242c77654e43333c1ac4c5c700e929ea3aa5489f74",
    "https://deno.land/std@0.162.0/_util/os.ts": "8a33345f74990e627b9dfe2de9b040004b08ea5146c7c9e8fe9a29070d193934",
    "https://deno.land/std@0.162.0/async/deferred.ts": "d8fb253ffde2a056e4889ef7e90f3928f28be9f9294b6505773d33f136aab4e6",
    "https://deno.land/std@0.162.0/bytes/bytes_list.ts": "aba5e2369e77d426b10af1de0dcc4531acecec27f9b9056f4f7bfbf8ac147ab4",
    "https://deno.land/std@0.162.0/bytes/equals.ts": "3c3558c3ae85526f84510aa2b48ab2ad7bdd899e2e0f5b7a8ffc85acb3a6043a",
    "https://deno.land/std@0.162.0/bytes/mod.ts": "b2e342fd3669176a27a4e15061e9d588b89c1aaf5008ab71766e23669565d179",
    "https://deno.land/std@0.162.0/io/buffer.ts": "fae02290f52301c4e0188670e730cd902f9307fb732d79c4aa14ebdc82497289",
    "https://deno.land/std@0.162.0/io/types.d.ts": "107e1e64834c5ba917c783f446b407d33432c5d612c4b3430df64fc2b4ecf091",
    "https://deno.land/std@0.162.0/path/_constants.ts": "df1db3ffa6dd6d1252cc9617e5d72165cd2483df90e93833e13580687b6083c3",
    "https://deno.land/std@0.162.0/path/_interface.ts": "ee3b431a336b80cf445441109d089b70d87d5e248f4f90ff906820889ecf8d09",
    "https://deno.land/std@0.162.0/path/_util.ts": "d16be2a16e1204b65f9d0dfc54a9bc472cafe5f4a190b3c8471ec2016ccd1677",
    "https://deno.land/std@0.162.0/path/common.ts": "bee563630abd2d97f99d83c96c2fa0cca7cee103e8cb4e7699ec4d5db7bd2633",
    "https://deno.land/std@0.162.0/path/glob.ts": "cb5255638de1048973c3e69e420c77dc04f75755524cb3b2e160fe9277d939ee",
    "https://deno.land/std@0.162.0/path/mod.ts": "56fec03ad0ebd61b6ab39ddb9b0ddb4c4a5c9f2f4f632e09dd37ec9ebfd722ac",
    "https://deno.land/std@0.162.0/path/posix.ts": "6b63de7097e68c8663c84ccedc0fd977656eb134432d818ecd3a4e122638ac24",
    "https://deno.land/std@0.162.0/path/separator.ts": "fe1816cb765a8068afb3e8f13ad272351c85cbc739af56dacfc7d93d710fe0f9",
    "https://deno.land/std@0.162.0/path/win32.ts": "ee8826dce087d31c5c81cd414714e677eb68febc40308de87a2ce4b40e10fb8d",
    "https://deno.land/std@0.162.0/streams/buffer.ts": "357d725e1c13ee48af5e5da50ef8811ac8b12926d477ec0e3b40fed6d8d83dd2",
    "https://deno.land/std@0.162.0/streams/conversion.ts": "555c6c249f3acf85655f2d0af52d1cb3168e40b1c1fa26beefea501b333abe28",
    "https://deno.land/std@0.162.0/streams/delimiter.ts": "e18febbded53df275a897fac9249a6d0a6a5efc943256ad0f6cb23bf4d757668",
    "https://deno.land/std@0.162.0/streams/merge.ts": "88ed3dfa030ae076802688e4cadd762a251a41d81ed1776dfd9a2a9a0e970195",
    "https://deno.land/std@0.162.0/streams/mod.ts": "f402791689d74bd091ecf8f4015bc5b7d5c18132a55c7c72fe0576d1fb254cf9",
    "https://deno.land/std@0.164.0/_util/asserts.ts": "d0844e9b62510f89ce1f9878b046f6a57bf88f208a10304aab50efcb48365272",
    "https://deno.land/std@0.164.0/async/deferred.ts": "d8fb253ffde2a056e4889ef7e90f3928f28be9f9294b6505773d33f136aab4e6",
    "https://deno.land/std@0.164.0/async/delay.ts": "0419dfc993752849692d1f9647edf13407c7facc3509b099381be99ffbc9d699",
    "https://deno.land/std@0.164.0/bytes/bytes_list.ts": "aba5e2369e77d426b10af1de0dcc4531acecec27f9b9056f4f7bfbf8ac147ab4",
    "https://deno.land/std@0.164.0/bytes/equals.ts": "3c3558c3ae85526f84510aa2b48ab2ad7bdd899e2e0f5b7a8ffc85acb3a6043a",
    "https://deno.land/std@0.164.0/bytes/mod.ts": "b2e342fd3669176a27a4e15061e9d588b89c1aaf5008ab71766e23669565d179",
    "https://deno.land/std@0.164.0/io/buffer.ts": "245f1762a949082ddc0a6e9b15589d0be2d29c150266decd04320b8a8318f9f6",
    "https://deno.land/std@0.164.0/io/types.d.ts": "107e1e64834c5ba917c783f446b407d33432c5d612c4b3430df64fc2b4ecf091",
    "https://deno.land/std@0.176.0/_util/asserts.ts": "178dfc49a464aee693a7e285567b3d0b555dc805ff490505a8aae34f9cfb1462",
    "https://deno.land/std@0.176.0/async/deferred.ts": "42790112f36a75a57db4a96d33974a936deb7b04d25c6084a9fa8a49f135def8",
    "https://deno.land/std@0.176.0/async/delay.ts": "73aa04cec034c84fc748c7be49bb15cac3dd43a57174bfdb7a4aec22c248f0dd",
    "https://deno.land/std@0.176.0/bytes/copy.ts": "939d89e302a9761dcf1d9c937c7711174ed74c59eef40a1e4569a05c9de88219",
    "https://deno.land/std@0.176.0/io/buf_reader.ts": "90a7adcb3638d8e1361695cdf844d58bcd97c41711dc6f9f8acc0626ebe097f5",
    "https://deno.land/std@0.176.0/io/buf_writer.ts": "759c69d304b04d2909976f2a03a24a107276fbd81ed13593c5c2d43d104b52f3",
    "https://deno.land/std@0.176.0/types.d.ts": "220ed56662a0bd393ba5d124aa6ae2ad36a00d2fcbc0e8666a65f4606aaa9784",
    "https://deno.land/std@0.178.0/_util/asserts.ts": "178dfc49a464aee693a7e285567b3d0b555dc805ff490505a8aae34f9cfb1462",
    "https://deno.land/std@0.178.0/_util/os.ts": "d932f56d41e4f6a6093d56044e29ce637f8dcc43c5a90af43504a889cf1775e3",
    "https://deno.land/std@0.178.0/async/deferred.ts": "42790112f36a75a57db4a96d33974a936deb7b04d25c6084a9fa8a49f135def8",
    "https://deno.land/std@0.178.0/bytes/bytes_list.ts": "b4cbdfd2c263a13e8a904b12d082f6177ea97d9297274a4be134e989450dfa6a",
    "https://deno.land/std@0.178.0/bytes/copy.ts": "939d89e302a9761dcf1d9c937c7711174ed74c59eef40a1e4569a05c9de88219",
    "https://deno.land/std@0.178.0/io/buffer.ts": "e2b7564f684dad625cab08f5106f33572d325705d19a36822b3272fbdfb8f726",
    "https://deno.land/std@0.178.0/path/_constants.ts": "e49961f6f4f48039c0dfed3c3f93e963ca3d92791c9d478ac5b43183413136e0",
    "https://deno.land/std@0.178.0/path/_interface.ts": "6471159dfbbc357e03882c2266d21ef9afdb1e4aa771b0545e90db58a0ba314b",
    "https://deno.land/std@0.178.0/path/_util.ts": "d7abb1e0dea065f427b89156e28cdeb32b045870acdf865833ba808a73b576d0",
    "https://deno.land/std@0.178.0/path/common.ts": "ee7505ab01fd22de3963b64e46cff31f40de34f9f8de1fff6a1bd2fe79380000",
    "https://deno.land/std@0.178.0/path/glob.ts": "d479e0a695621c94d3fd7fe7abd4f9499caf32a8de13f25073451c6ef420a4e1",
    "https://deno.land/std@0.178.0/path/mod.ts": "4b83694ac500d7d31b0cdafc927080a53dc0c3027eb2895790fb155082b0d232",
    "https://deno.land/std@0.178.0/path/posix.ts": "8b7c67ac338714b30c816079303d0285dd24af6b284f7ad63da5b27372a2c94d",
    "https://deno.land/std@0.178.0/path/separator.ts": "0fb679739d0d1d7bf45b68dacfb4ec7563597a902edbaf3c59b50d5bcadd93b1",
    "https://deno.land/std@0.178.0/path/win32.ts": "d186344e5583bcbf8b18af416d13d82b35a317116e6460a5a3953508c3de5bba",
    "https://deno.land/std@0.178.0/streams/_common.ts": "f45cba84f0d813de3326466095539602364a9ba521f804cc758f7a475cda692d",
    "https://deno.land/std@0.178.0/streams/buffer.ts": "7e7676c29e0e72f6821c3b5fede2540886a216bb91c849bb5db20bb82a01d8a1",
    "https://deno.land/std@0.178.0/streams/byte_slice_stream.ts": "cf5785b0d9223ebb51fcf6679d881dfaf614c3b288fb4577b511b6f7801a01aa",
    "https://deno.land/std@0.178.0/streams/copy.ts": "de0de21701d8cceba84ca01d9731c77f4b3597bb9de6a1b08f32250353feeae8",
    "https://deno.land/std@0.178.0/streams/delimiter_stream.ts": "de8f822a1c394cdb805a97e364400955cd1757cc282d932b4040a0f78fba3b5f",
    "https://deno.land/std@0.178.0/streams/early_zip_readable_streams.ts": "64828085be5812ec5f4896c10b59f14e5a322b2c0439be9331dde332ae9c91de",
    "https://deno.land/std@0.178.0/streams/iterate_reader.ts": "06491ed8f1bb1c619abbfa04c10b173ff95a93e51fe5037b7c1ad0b5cc01fc7d",
    "https://deno.land/std@0.178.0/streams/limited_bytes_transform_stream.ts": "3bc04143b8b91a923f5ee81a3c618b6606ac7da66ccbcde62a67aaa0375cbc71",
    "https://deno.land/std@0.178.0/streams/limited_transform_stream.ts": "b336f5d649a06e35e2692849e3682a673bb32531738443eb2ce9f57538722f75",
    "https://deno.land/std@0.178.0/streams/merge_readable_streams.ts": "5d6302888f4bb0616dafb5768771be0aec9bedc05fbae6b3d726d05ffbec5b15",
    "https://deno.land/std@0.178.0/streams/mod.ts": "c07ec010e700b9ea887dc36ca08729828bc7912f711e4054e24d33fd46282252",
    "https://deno.land/std@0.178.0/streams/read_all.ts": "bfa220b0e1d06fa4d0cb5178baba8f8b466019a7411511982bfa2320ca292815",
    "https://deno.land/std@0.178.0/streams/readable_stream_from_iterable.ts": "cae337ddafd2abc5e3df699ef2af888ac04091f12732ae658448fba2c7b187e8",
    "https://deno.land/std@0.178.0/streams/readable_stream_from_reader.ts": "9aceaeefa9e04b08f56b2d07272baedc3b6432840b66198d72fa2ada3e6608ea",
    "https://deno.land/std@0.178.0/streams/reader_from_iterable.ts": "05f7759b9336fd4c233d9daadf92aec9a7d2c07a05986da466a935cec2dd79d9",
    "https://deno.land/std@0.178.0/streams/reader_from_stream_reader.ts": "3fda9390ec8520c8a9ea2aba2579208b18880a7663d7a9feec8f193b7af14e41",
    "https://deno.land/std@0.178.0/streams/text_delimiter_stream.ts": "ee216316360366c3744197f5665a066a25e6baa8cfe836fbe9a0033e079e089e",
    "https://deno.land/std@0.178.0/streams/text_line_stream.ts": "a9dd2636c6b90e626e19df26c97034c5f638bdd957cbd5c531d6278fe1d08e90",
    "https://deno.land/std@0.178.0/streams/to_transform_stream.ts": "31c8cce967a2f602be5f164973a5c6cedd4c76e1d2fbc22ae0081b084f73fb0e",
    "https://deno.land/std@0.178.0/streams/writable_stream_from_writer.ts": "0320b759aa343f9f4f58b014fe301d9a7abcbfb8413d260502a885995e6a0776",
    "https://deno.land/std@0.178.0/streams/write_all.ts": "3b2e1ce44913f966348ce353d02fa5369e94115181037cd8b602510853ec3033",
    "https://deno.land/std@0.178.0/streams/writer_from_stream_writer.ts": "31126a6bf2e678c5a718011d4831dbe75dbdbd885965d3dbd5dd105e6f20f976",
    "https://deno.land/std@0.178.0/streams/zip_readable_streams.ts": "9eb82070d83055fe6f077192fb204dc7612695a4b330148e9aa376df1a65e708",
    "https://deno.land/std@0.178.0/types.d.ts": "220ed56662a0bd393ba5d124aa6ae2ad36a00d2fcbc0e8666a65f4606aaa9784",
    "https://deno.land/std@v0.164.0/_util/asserts.ts": "d0844e9b62510f89ce1f9878b046f6a57bf88f208a10304aab50efcb48365272",
    "https://deno.land/std@v0.164.0/_util/os.ts": "8a33345f74990e627b9dfe2de9b040004b08ea5146c7c9e8fe9a29070d193934",
    "https://deno.land/std@v0.164.0/async/abortable.ts": "87aa7230be8360c24ad437212311c9e8d4328854baec27b4c7abb26e85515c06",
    "https://deno.land/std@v0.164.0/async/deadline.ts": "48ac998d7564969f3e6ec6b6f9bf0217ebd00239b1b2292feba61272d5dd58d0",
    "https://deno.land/std@v0.164.0/async/debounce.ts": "dc8b92d4a4fe7eac32c924f2b8d3e62112530db70cadce27042689d82970b350",
    "https://deno.land/std@v0.164.0/async/deferred.ts": "d8fb253ffde2a056e4889ef7e90f3928f28be9f9294b6505773d33f136aab4e6",
    "https://deno.land/std@v0.164.0/async/delay.ts": "0419dfc993752849692d1f9647edf13407c7facc3509b099381be99ffbc9d699",
    "https://deno.land/std@v0.164.0/async/mod.ts": "dd0a8ed4f3984ffabe2fcca7c9f466b7932d57b1864ffee148a5d5388316db6b",
    "https://deno.land/std@v0.164.0/async/mux_async_iterator.ts": "3447b28a2a582224a3d4d3596bccbba6e85040da3b97ed64012f7decce98d093",
    "https://deno.land/std@v0.164.0/async/pool.ts": "ef9eb97b388543acbf0ac32647121e4dbe629236899586c4d4311a8770fbb239",
    "https://deno.land/std@v0.164.0/async/tee.ts": "9af3a3e7612af75861308b52249e167f5ebc3dcfc8a1a4d45462d96606ee2b70",
    "https://deno.land/std@v0.164.0/bytes/bytes_list.ts": "aba5e2369e77d426b10af1de0dcc4531acecec27f9b9056f4f7bfbf8ac147ab4",
    "https://deno.land/std@v0.164.0/bytes/equals.ts": "3c3558c3ae85526f84510aa2b48ab2ad7bdd899e2e0f5b7a8ffc85acb3a6043a",
    "https://deno.land/std@v0.164.0/bytes/mod.ts": "b2e342fd3669176a27a4e15061e9d588b89c1aaf5008ab71766e23669565d179",
    "https://deno.land/std@v0.164.0/crypto/timing_safe_equal.ts": "3784958e40a5fe10429a68b75cc5f8d34356bf0bc2eb93c80c3033e2a6f17821",
    "https://deno.land/std@v0.164.0/dotenv/mod.ts": "b149416f0daa0361873097495d16adbb321b8bcb594dcc5cdb6bf9639fd173fd",
    "https://deno.land/std@v0.164.0/dotenv/util.ts": "6cc392f087577a26a27f0463f77cc0c31a390aa055917099935b36eb2454592d",
    "https://deno.land/std@v0.164.0/encoding/base64.ts": "c57868ca7fa2fbe919f57f88a623ad34e3d970d675bdc1ff3a9d02bba7409db2",
    "https://deno.land/std@v0.164.0/encoding/base64url.ts": "a5f82a9fa703bd85a5eb8e7c1296bc6529e601ebd9642cc2b5eaa6b38fa9e05a",
    "https://deno.land/std@v0.164.0/flags/mod.ts": "3b459daf581e047819b6b799c92b96c81b4eecbd5ea025643d54dc0abc6ac923",
    "https://deno.land/std@v0.164.0/io/buffer.ts": "245f1762a949082ddc0a6e9b15589d0be2d29c150266decd04320b8a8318f9f6",
    "https://deno.land/std@v0.164.0/io/types.d.ts": "107e1e64834c5ba917c783f446b407d33432c5d612c4b3430df64fc2b4ecf091",
    "https://deno.land/std@v0.164.0/node/_core.ts": "350c7e253d299eb76a3211b7e443ac1c2f8df0c46c8410031e7251e338c334f4",
    "https://deno.land/std@v0.164.0/node/_events.d.ts": "3899ee9c37055fbb750e32cb43d7c435077c04446af948300080e1a590c6edf0",
    "https://deno.land/std@v0.164.0/node/_events.mjs": "303e8aa60ace559e4ca0d19e8475f87311bee9e8330b4b497644d70f2002fc27",
    "https://deno.land/std@v0.164.0/node/_global.d.ts": "6dadaf8cec2a0c506b22170617286e0bdc80be53dd0673e67fc7dd37a1130c68",
    "https://deno.land/std@v0.164.0/node/_next_tick.ts": "81c1826675493b76f90c646fb1274a4c84b5cc913a80ca4526c32cd7c46a0b06",
    "https://deno.land/std@v0.164.0/node/_process/exiting.ts": "bc9694769139ffc596f962087155a8bfef10101d03423b9dcbc51ce6e1f88fce",
    "https://deno.land/std@v0.164.0/node/_process/process.ts": "d5bf113a4b62f4abe4cb7ec5a9d00d44dac0ad9e82a23d00cc27d71e05ae8b66",
    "https://deno.land/std@v0.164.0/node/_process/stdio.mjs": "971c3b086040d8521562155db13f22f9971d5c42c852b2081d4d2f0d8b6ab6bd",
    "https://deno.land/std@v0.164.0/node/_process/streams.mjs": "3ce63d9eb24a8a8ec45eeebf5c184b43d888064f663f87e8f453888368e00f90",
    "https://deno.land/std@v0.164.0/node/_stream.d.ts": "83e9da2f81de3205926f1e86ba54442aa5a3caf4c5e84a4c8699402ad340142b",
    "https://deno.land/std@v0.164.0/node/_stream.mjs": "9a80217d9734f6e4284aae0ea55dd82b243f5517bc1814e983ad41b01732f712",
    "https://deno.land/std@v0.164.0/node/_utils.ts": "1085a229e910b3a6672f3c3be05507591811dc67be2ae2188e9fc9ef4376b172",
    "https://deno.land/std@v0.164.0/node/buffer.ts": "43f07b2d1523345bf35b7deb7fcdad6e916020a631a7bc1b5efcaff556db4e1d",
    "https://deno.land/std@v0.164.0/node/events.ts": "f848398d3591534ca94ac6b852a9f3c4dbb2da310c3a26059cf4ff06b7eae088",
    "https://deno.land/std@v0.164.0/node/internal/buffer.d.ts": "90f674081428a61978b6d481c5f557ff743a3f4a85d7ae113caab48fdf5b8a63",
    "https://deno.land/std@v0.164.0/node/internal/buffer.mjs": "70b74b34f1617b3492aee6dec35c7bdabbf26e034bfcf640aa61b3d63c5c850f",
    "https://deno.land/std@v0.164.0/node/internal/crypto/_keys.ts": "63229ff3d8d15b5bd0a1d2ebc19313cbb8ac969875bf16df1ce4f2b497d74fb5",
    "https://deno.land/std@v0.164.0/node/internal/crypto/constants.ts": "d2c8821977aef55e4d66414d623c24a2447791a8b49b6404b8db32d81e20c315",
    "https://deno.land/std@v0.164.0/node/internal/error_codes.ts": "ac03c4eae33de3a69d6c98e8678003207eecf75a6900eb847e3fea3c8c9e6d8f",
    "https://deno.land/std@v0.164.0/node/internal/errors.ts": "b9aec7d1fe3eaf21322d0ea9dc2fcb344055d6b0c7a1bd0f62a0c379a5baa799",
    "https://deno.land/std@v0.164.0/node/internal/fixed_queue.ts": "455b3c484de48e810b13bdf95cd1658ecb1ba6bcb8b9315ffe994efcde3ba5f5",
    "https://deno.land/std@v0.164.0/node/internal/hide_stack_frames.ts": "a91962ec84610bc7ec86022c4593cdf688156a5910c07b5bcd71994225c13a03",
    "https://deno.land/std@v0.164.0/node/internal/net.ts": "1239886cd2508a68624c2dae8abf895e8aa3bb15a748955349f9ac5539032238",
    "https://deno.land/std@v0.164.0/node/internal/normalize_encoding.mjs": "3779ec8a7adf5d963b0224f9b85d1bc974a2ec2db0e858396b5d3c2c92138a0a",
    "https://deno.land/std@v0.164.0/node/internal/options.ts": "a23c285975e058cb26a19abcb048cd8b46ab12d21cfb028868ac8003fffb43ac",
    "https://deno.land/std@v0.164.0/node/internal/primordials.mjs": "7cf5afe471583e4a384eeea109bdff276b6b7f3a3af830f99f951fb7d57ef423",
    "https://deno.land/std@v0.164.0/node/internal/process/per_thread.mjs": "bc1be72a6a662bf81573c20fe74893374847a7302065ddf52fb3fb2af505f31f",
    "https://deno.land/std@v0.164.0/node/internal/readline/callbacks.mjs": "17d9270a54fb5dceea8f894669e3401e5c6260bab075a1e9675a62f1fef50d8c",
    "https://deno.land/std@v0.164.0/node/internal/readline/utils.mjs": "a93ebb99f85e0dbb4f05f4aff5583d12a15150e45c335e4ecf925e1879dc9c84",
    "https://deno.land/std@v0.164.0/node/internal/streams/destroy.mjs": "9c9bbeb172a437041d529829f433df72cf0b63ae49f3ee6080a55ffbef7572ad",
    "https://deno.land/std@v0.164.0/node/internal/streams/end-of-stream.mjs": "38be76eaceac231dfde643e72bc0940625446bf6d1dbd995c91c5ba9fd59b338",
    "https://deno.land/std@v0.164.0/node/internal/streams/utils.mjs": "a0a6b93a7e68ef52bef4ed00b0c82bb7e335abf360af57335b07c6a3fcdde717",
    "https://deno.land/std@v0.164.0/node/internal/util.mjs": "35d24fb775468cd24443bcf0ec68904b8aa44e5b53845491a5e3382421917f9a",
    "https://deno.land/std@v0.164.0/node/internal/util/inspect.mjs": "1ddace0c97719d2cc0869ba177d375e96051301352ec235cbfb2ecbfcd4e8fba",
    "https://deno.land/std@v0.164.0/node/internal/util/types.ts": "de6e2b7f9b9985ab881b1e78f05ae51d1fc829ae1584063df21e57b35312f3c4",
    "https://deno.land/std@v0.164.0/node/internal/validators.mjs": "67deae0f488d013c8bf485742a5478112b8e48837cb2458c4a8b2669cf7017db",
    "https://deno.land/std@v0.164.0/node/internal_binding/_libuv_winerror.ts": "801e05c2742ae6cd42a5f0fd555a255a7308a65732551e962e5345f55eedc519",
    "https://deno.land/std@v0.164.0/node/internal_binding/_listen.ts": "c15a356ef4758770fc72d3ca4db33f0cc321016df1aafb927c027c0d73ac2c42",
    "https://deno.land/std@v0.164.0/node/internal_binding/_node.ts": "e4075ba8a37aef4eb5b592c8e3807c39cb49ca8653faf8e01a43421938076c1b",
    "https://deno.land/std@v0.164.0/node/internal_binding/_timingSafeEqual.ts": "80640f055101071cb3680a2d8a1fead5fd260ca8bf183efb94296b69463e06cd",
    "https://deno.land/std@v0.164.0/node/internal_binding/_utils.ts": "1c50883b5751a9ea1b38951e62ed63bacfdc9d69ea665292edfa28e1b1c5bd94",
    "https://deno.land/std@v0.164.0/node/internal_binding/_winerror.ts": "8811d4be66f918c165370b619259c1f35e8c3e458b8539db64c704fbde0a7cd2",
    "https://deno.land/std@v0.164.0/node/internal_binding/ares.ts": "33ff8275bc11751219af8bd149ea221c442d7e8676e3e9f20ccb0e1f0aac61b8",
    "https://deno.land/std@v0.164.0/node/internal_binding/async_wrap.ts": "b83e4021a4854b2e13720f96d21edc11f9905251c64c1bc625a361f574400959",
    "https://deno.land/std@v0.164.0/node/internal_binding/buffer.ts": "781e1d13adc924864e6e37ecb5152e8a4e994cf394695136e451c47f00bda76c",
    "https://deno.land/std@v0.164.0/node/internal_binding/cares_wrap.ts": "720e6d5cff7018bb3d00e1a49dd4c31f0fc6af3a593ab68cd39e3592ed163d61",
    "https://deno.land/std@v0.164.0/node/internal_binding/config.ts": "e292217d048a33573966b7d25352828d3282921fbcadce8735a20fb3da370cc4",
    "https://deno.land/std@v0.164.0/node/internal_binding/connection_wrap.ts": "9debd4210d29c658054476fcb640c900725f564ef35412c56dc79eb07213a7c1",
    "https://deno.land/std@v0.164.0/node/internal_binding/constants.ts": "f4afc504137fb21f3908ab549931604968dfa62432b285a0874f41c4cade9ed2",
    "https://deno.land/std@v0.164.0/node/internal_binding/contextify.ts": "e292217d048a33573966b7d25352828d3282921fbcadce8735a20fb3da370cc4",
    "https://deno.land/std@v0.164.0/node/internal_binding/credentials.ts": "e292217d048a33573966b7d25352828d3282921fbcadce8735a20fb3da370cc4",
    "https://deno.land/std@v0.164.0/node/internal_binding/crypto.ts": "d7f39700dc020364edf7f4785e5026bb91f099ce1bd02734182451b1af300c8c",
    "https://deno.land/std@v0.164.0/node/internal_binding/errors.ts": "e292217d048a33573966b7d25352828d3282921fbcadce8735a20fb3da370cc4",
    "https://deno.land/std@v0.164.0/node/internal_binding/fs.ts": "e292217d048a33573966b7d25352828d3282921fbcadce8735a20fb3da370cc4",
    "https://deno.land/std@v0.164.0/node/internal_binding/fs_dir.ts": "e292217d048a33573966b7d25352828d3282921fbcadce8735a20fb3da370cc4",
    "https://deno.land/std@v0.164.0/node/internal_binding/fs_event_wrap.ts": "e292217d048a33573966b7d25352828d3282921fbcadce8735a20fb3da370cc4",
    "https://deno.land/std@v0.164.0/node/internal_binding/handle_wrap.ts": "71c451060c9f555066d3ebe80de039a4e493a94b76c664450fbefd8f4167eb7e",
    "https://deno.land/std@v0.164.0/node/internal_binding/heap_utils.ts": "e292217d048a33573966b7d25352828d3282921fbcadce8735a20fb3da370cc4",
    "https://deno.land/std@v0.164.0/node/internal_binding/http_parser.ts": "e292217d048a33573966b7d25352828d3282921fbcadce8735a20fb3da370cc4",
    "https://deno.land/std@v0.164.0/node/internal_binding/icu.ts": "e292217d048a33573966b7d25352828d3282921fbcadce8735a20fb3da370cc4",
    "https://deno.land/std@v0.164.0/node/internal_binding/inspector.ts": "e292217d048a33573966b7d25352828d3282921fbcadce8735a20fb3da370cc4",
    "https://deno.land/std@v0.164.0/node/internal_binding/js_stream.ts": "e292217d048a33573966b7d25352828d3282921fbcadce8735a20fb3da370cc4",
    "https://deno.land/std@v0.164.0/node/internal_binding/messaging.ts": "e292217d048a33573966b7d25352828d3282921fbcadce8735a20fb3da370cc4",
    "https://deno.land/std@v0.164.0/node/internal_binding/mod.ts": "f68e74e8eed84eaa6b0de24f0f4c47735ed46866d7ee1c5a5e7c0667b4f0540f",
    "https://deno.land/std@v0.164.0/node/internal_binding/module_wrap.ts": "e292217d048a33573966b7d25352828d3282921fbcadce8735a20fb3da370cc4",
    "https://deno.land/std@v0.164.0/node/internal_binding/native_module.ts": "e292217d048a33573966b7d25352828d3282921fbcadce8735a20fb3da370cc4",
    "https://deno.land/std@v0.164.0/node/internal_binding/natives.ts": "e292217d048a33573966b7d25352828d3282921fbcadce8735a20fb3da370cc4",
    "https://deno.land/std@v0.164.0/node/internal_binding/node_file.ts": "37d6864897547d95ca24e0f5d01035915db0065bff128bc22191bc93f9ad59ad",
    "https://deno.land/std@v0.164.0/node/internal_binding/node_options.ts": "3cd5706153d28a4f5944b8b162c1c61b7b8e368a448fb1a2cff9f7957d3db360",
    "https://deno.land/std@v0.164.0/node/internal_binding/options.ts": "e292217d048a33573966b7d25352828d3282921fbcadce8735a20fb3da370cc4",
    "https://deno.land/std@v0.164.0/node/internal_binding/os.ts": "e292217d048a33573966b7d25352828d3282921fbcadce8735a20fb3da370cc4",
    "https://deno.land/std@v0.164.0/node/internal_binding/performance.ts": "e292217d048a33573966b7d25352828d3282921fbcadce8735a20fb3da370cc4",
    "https://deno.land/std@v0.164.0/node/internal_binding/pipe_wrap.ts": "105c73f268cb9ca1c6cebaf4bea089ab12e0c21c8c4e10bb0a14b0abd3e1661e",
    "https://deno.land/std@v0.164.0/node/internal_binding/process_methods.ts": "e292217d048a33573966b7d25352828d3282921fbcadce8735a20fb3da370cc4",
    "https://deno.land/std@v0.164.0/node/internal_binding/report.ts": "e292217d048a33573966b7d25352828d3282921fbcadce8735a20fb3da370cc4",
    "https://deno.land/std@v0.164.0/node/internal_binding/serdes.ts": "e292217d048a33573966b7d25352828d3282921fbcadce8735a20fb3da370cc4",
    "https://deno.land/std@v0.164.0/node/internal_binding/signal_wrap.ts": "e292217d048a33573966b7d25352828d3282921fbcadce8735a20fb3da370cc4",
    "https://deno.land/std@v0.164.0/node/internal_binding/spawn_sync.ts": "e292217d048a33573966b7d25352828d3282921fbcadce8735a20fb3da370cc4",
    "https://deno.land/std@v0.164.0/node/internal_binding/stream_wrap.ts": "ecbd50a6c6ff7f6fea9bdfdc7b3977637cd854814c812b59296458ca2f0fc209",
    "https://deno.land/std@v0.164.0/node/internal_binding/string_decoder.ts": "5cb1863763d1e9b458bc21d6f976f16d9c18b3b3f57eaf0ade120aee38fba227",
    "https://deno.land/std@v0.164.0/node/internal_binding/symbols.ts": "51cfca9bb6132d42071d4e9e6b68a340a7f274041cfcba3ad02900886e972a6c",
    "https://deno.land/std@v0.164.0/node/internal_binding/task_queue.ts": "e292217d048a33573966b7d25352828d3282921fbcadce8735a20fb3da370cc4",
    "https://deno.land/std@v0.164.0/node/internal_binding/tcp_wrap.ts": "4217fa10072e048a26f26e5f548b3f38422452c9956265592cac57379a610acb",
    "https://deno.land/std@v0.164.0/node/internal_binding/timers.ts": "e292217d048a33573966b7d25352828d3282921fbcadce8735a20fb3da370cc4",
    "https://deno.land/std@v0.164.0/node/internal_binding/tls_wrap.ts": "e292217d048a33573966b7d25352828d3282921fbcadce8735a20fb3da370cc4",
    "https://deno.land/std@v0.164.0/node/internal_binding/trace_events.ts": "e292217d048a33573966b7d25352828d3282921fbcadce8735a20fb3da370cc4",
    "https://deno.land/std@v0.164.0/node/internal_binding/tty_wrap.ts": "e292217d048a33573966b7d25352828d3282921fbcadce8735a20fb3da370cc4",
    "https://deno.land/std@v0.164.0/node/internal_binding/types.ts": "4c26fb74ba2e45de553c15014c916df6789529a93171e450d5afb016b4c765e7",
    "https://deno.land/std@v0.164.0/node/internal_binding/udp_wrap.ts": "cdd0882eff7e7db631d808608d20f5d1269b40fbcedd4a0972d6ed616a855c79",
    "https://deno.land/std@v0.164.0/node/internal_binding/url.ts": "e292217d048a33573966b7d25352828d3282921fbcadce8735a20fb3da370cc4",
    "https://deno.land/std@v0.164.0/node/internal_binding/util.ts": "faf5146c3cc3b2d6c26026a818b4a16e91488ab26e63c069f36ba3c3ae24c97b",
    "https://deno.land/std@v0.164.0/node/internal_binding/uv.ts": "3a63eebe0b69334bab5e9f037aadde1aef59ab21ab0e4cd01ac588d919be2c75",
    "https://deno.land/std@v0.164.0/node/internal_binding/v8.ts": "e292217d048a33573966b7d25352828d3282921fbcadce8735a20fb3da370cc4",
    "https://deno.land/std@v0.164.0/node/internal_binding/worker.ts": "e292217d048a33573966b7d25352828d3282921fbcadce8735a20fb3da370cc4",
    "https://deno.land/std@v0.164.0/node/internal_binding/zlib.ts": "e292217d048a33573966b7d25352828d3282921fbcadce8735a20fb3da370cc4",
    "https://deno.land/std@v0.164.0/node/process.ts": "7180a9e7022d62481daf6fac855f440882137046ef6941f659e8d40c077186be",
    "https://deno.land/std@v0.164.0/node/stream.ts": "2c6d5d207d0ad295f396b34fd03a908c1638beb1754bc9c1fccd9a4cdcace8be",
    "https://deno.land/std@v0.164.0/node/string_decoder.ts": "39b3846318f3a60cee417673dab0252a6f400af2e0f2a481bb6d74c00524b597",
    "https://deno.land/std@v0.164.0/path/_constants.ts": "df1db3ffa6dd6d1252cc9617e5d72165cd2483df90e93833e13580687b6083c3",
    "https://deno.land/std@v0.164.0/path/_interface.ts": "ee3b431a336b80cf445441109d089b70d87d5e248f4f90ff906820889ecf8d09",
    "https://deno.land/std@v0.164.0/path/_util.ts": "d16be2a16e1204b65f9d0dfc54a9bc472cafe5f4a190b3c8471ec2016ccd1677",
    "https://deno.land/std@v0.164.0/path/common.ts": "bee563630abd2d97f99d83c96c2fa0cca7cee103e8cb4e7699ec4d5db7bd2633",
    "https://deno.land/std@v0.164.0/path/glob.ts": "cb5255638de1048973c3e69e420c77dc04f75755524cb3b2e160fe9277d939ee",
    "https://deno.land/std@v0.164.0/path/mod.ts": "56fec03ad0ebd61b6ab39ddb9b0ddb4c4a5c9f2f4f632e09dd37ec9ebfd722ac",
    "https://deno.land/std@v0.164.0/path/posix.ts": "6b63de7097e68c8663c84ccedc0fd977656eb134432d818ecd3a4e122638ac24",
    "https://deno.land/std@v0.164.0/path/separator.ts": "fe1816cb765a8068afb3e8f13ad272351c85cbc739af56dacfc7d93d710fe0f9",
    "https://deno.land/std@v0.164.0/path/win32.ts": "7cebd2bda6657371adc00061a1d23fdd87bcdf64b4843bb148b0b24c11b40f69",
    "https://deno.land/std@v0.164.0/streams/conversion.ts": "555c6c249f3acf85655f2d0af52d1cb3168e40b1c1fa26beefea501b333abe28",
    "https://deno.land/std@v0.181.0/collections/filter_values.ts": "5b9feaf17b9a6e5ffccdd36cf6f38fa4ffa94cff2602d381c2ad0c2a97929652",
    "https://deno.land/std@v0.181.0/collections/without_all.ts": "a89f5da0b5830defed4f59666e188df411d8fece35a5f6ca69be6ca71a95c185",
    "https://deno.land/std@v0.181.0/dotenv/mod.ts": "8dcbc8a40b896a0bf094582aaeadbfc76d3528872faf2efc0302beb1d2f6afd0",
    "https://deno.land/x/grammy@v1.12.0/bot.ts": "6e4ceacfa6febe7262bb3792f2889189e859d79f9e5835f2297f703ed230ebc9",
    "https://deno.land/x/grammy@v1.12.0/composer.ts": "1d2e164f9934466553d7f9bf9bf2fe65a1f453b7f7ce3cf57066d87382c6dac2",
    "https://deno.land/x/grammy@v1.12.0/context.ts": "eaf9ab22ef40d0244c4ca52d781e272dc84cac39dd3b4fe9874f6e3cb16a745b",
    "https://deno.land/x/grammy@v1.12.0/convenience/frameworks.deno.ts": "dfa1c824ce3c06447cc0d714210db77e87502fb45879662c36a721a603109b9f",
    "https://deno.land/x/grammy@v1.12.0/convenience/frameworks.shared.ts": "b59c24178da1fd0a126dca331dae4a04dfaed1d5604485cb9ca14a36bf0fa106",
    "https://deno.land/x/grammy@v1.12.0/convenience/keyboard.ts": "e3535432bcc35b00f991e08f8707a6ad330f9c851fd189832d163c0c39862171",
    "https://deno.land/x/grammy@v1.12.0/convenience/session.ts": "07fc0c64650d87cfe20de95c3261b9edf3ff46c65a7b86d98c3e0ce001220722",
    "https://deno.land/x/grammy@v1.12.0/convenience/webhook.ts": "805aa953f4626aff7b84fde156dff2ea3cc166d674f2d844a8ab2adad1a03589",
    "https://deno.land/x/grammy@v1.12.0/core/api.ts": "9484ae98c2bfa750388f0ccf6226b744b058ba048f3c0868e256b277ac8a028a",
    "https://deno.land/x/grammy@v1.12.0/core/client.ts": "8914f13b2cb69f16104a9711e4fea0a4500edd0950736dcc3ac078ab46f7a5ab",
    "https://deno.land/x/grammy@v1.12.0/core/error.ts": "4638b2127ebe60249c78b83011d468f5e1e1a87748d32fe11a8200d9f824ad13",
    "https://deno.land/x/grammy@v1.12.0/core/payload.ts": "bed2e44fb567259ee2cab70a7734544c90fae80cb937b354ee1427d0f0883b39",
    "https://deno.land/x/grammy@v1.12.0/filter.ts": "8fa7186db9c1eb84f0138ab9984e723d2ea76dac9bcb6889268c92c9a8fc2e8c",
    "https://deno.land/x/grammy@v1.12.0/mod.ts": "6d96b0c7b4c8b9448b9f9903a95a78c3379febd36b0f6485ad567d79b153c794",
    "https://deno.land/x/grammy@v1.12.0/platform.deno.ts": "62375602eb39a3f711e01c20e39e6af127e612f8d02c45fb7c32b37bad33210b",
    "https://deno.land/x/grammy@v1.12.0/types.deno.ts": "19214bd12cb0796083954dc00e1629fbf6fa8d495bdf7d6b66c45398c4d5f1c9",
    "https://deno.land/x/grammy@v1.12.0/types.ts": "729415590dfa188dbe924dea614dff4e976babdbabb28a307b869fc25777cdf0",
    "https://deno.land/x/grammy@v1.15.3/bot.ts": "885e3b11a5bb16f923dc09d9351bdf2d2bda8cb29dc1c85d0c3930d59b256f68",
    "https://deno.land/x/grammy@v1.15.3/composer.ts": "1d2e164f9934466553d7f9bf9bf2fe65a1f453b7f7ce3cf57066d87382c6dac2",
    "https://deno.land/x/grammy@v1.15.3/context.ts": "72df84eef4f159aef06dab536d0d27beba38534769416d4b1099ce535b0767d0",
    "https://deno.land/x/grammy@v1.15.3/convenience/frameworks.ts": "f89568f28835aaba764a62e1501c8d625ead88d4bfb1f1ba9fd4c4ca2234820f",
    "https://deno.land/x/grammy@v1.15.3/convenience/keyboard.ts": "a794e8bc4b39670bf320410e6bd30fc42aed3c4e5e28d55a909300f29f3f872d",
    "https://deno.land/x/grammy@v1.15.3/convenience/session.ts": "f9b7a0737cb813810731a3c29c3f5f84a457f493f9e7651e132daab9b58b08e9",
    "https://deno.land/x/grammy@v1.15.3/convenience/webhook.ts": "f1da7d6426171fb7b5d5f6b59633f91d3bab9a474eea821f714932650965eb9e",
    "https://deno.land/x/grammy@v1.15.3/core/api.ts": "d1333aececb21a203914db2506d6935b60ba8af9b8ad2141bda60955dd3a6f89",
    "https://deno.land/x/grammy@v1.15.3/core/client.ts": "8914f13b2cb69f16104a9711e4fea0a4500edd0950736dcc3ac078ab46f7a5ab",
    "https://deno.land/x/grammy@v1.15.3/core/error.ts": "4638b2127ebe60249c78b83011d468f5e1e1a87748d32fe11a8200d9f824ad13",
    "https://deno.land/x/grammy@v1.15.3/core/payload.ts": "420e17c3c2830b5576ea187cfce77578fe09f1204b25c25ea2f220ca7c86e73b",
    "https://deno.land/x/grammy@v1.15.3/filter.ts": "2c341f376bff726ca300e547843abcd989219cd10a05ae612844efaaa2cefe50",
    "https://deno.land/x/grammy@v1.15.3/mod.ts": "6d96b0c7b4c8b9448b9f9903a95a78c3379febd36b0f6485ad567d79b153c794",
    "https://deno.land/x/grammy@v1.15.3/platform.deno.ts": "3ef7e73beaf454976e61d66938f840454bedd4c8ff2e0a82ca7042b24f38dfcd",
    "https://deno.land/x/grammy@v1.15.3/types.deno.ts": "010e4ac685e4b45f7fc24f5b8e42d6010edfabeebbb7dbb8469ccf2e85838a69",
    "https://deno.land/x/grammy@v1.15.3/types.ts": "729415590dfa188dbe924dea614dff4e976babdbabb28a307b869fc25777cdf0",
    "https://deno.land/x/grammy_runner@v1.0.4/mod.ts": "36518be0ba7bb30a4f5660febff2730670f354e50b61f81a96462f09a600eab0",
    "https://deno.land/x/grammy_runner@v1.0.4/queue.ts": "2a09c804631aada0a1cad4aa0a779e11285d76c04b57e4683ee935fdab156cf2",
    "https://deno.land/x/grammy_runner@v1.0.4/runner.ts": "9ed580091d2b7e5b4b3a6174768a36c39e32855fdcdd8dac1d01ba15769f85bd",
    "https://deno.land/x/grammy_runner@v1.0.4/sequentialize.ts": "137764a109ff3fe4bc8809b6d1d8865ed5c2ad8b649e7553b10302d70bf2e7fb",
    "https://deno.land/x/grammy_runner@v1.0.4/sink.ts": "2027cff6d378c645cf67542aeab99bd7dbf7c4dd9f92cb5bb291ed2bb0b2e79f",
    "https://deno.land/x/grammy_runner@v1.0.4/source.ts": "2c5290a11cf5135e5b8a3300717b2950816fa2dc05157a7c683a1637a7f6e3b2",
    "https://deno.land/x/grammy_runner@v2.0.3/deps.deno.ts": "bbbaffd1020e0c91acacf02fbc43cdaee04f1d63446cb6a42255d36a0c0e86d4",
    "https://deno.land/x/grammy_runner@v2.0.3/distribute.ts": "318ed928c437ce0a09956abfa40c0b937bb507dc276bc3db5d571e15a4d1ede1",
    "https://deno.land/x/grammy_runner@v2.0.3/mod.ts": "53c08b39527b0b47ffdf4c5996bc3cfbac802ab37074a7b900b2a63d3db273d3",
    "https://deno.land/x/grammy_runner@v2.0.3/platform.deno.ts": "5990d453979176708af79baea54ba2bc4bdc662079f088ce7668b9f4d1962b8c",
    "https://deno.land/x/grammy_runner@v2.0.3/queue.ts": "d715f98096405c558c2657ef245b5acd1b5de916eed39dbad1399db18e57e0f7",
    "https://deno.land/x/grammy_runner@v2.0.3/runner.ts": "2600b9bd39e724d5c629c94e541f497868dfde6cf55be7745dc1d777c8a8b180",
    "https://deno.land/x/grammy_runner@v2.0.3/sequentialize.ts": "137764a109ff3fe4bc8809b6d1d8865ed5c2ad8b649e7553b10302d70bf2e7fb",
    "https://deno.land/x/grammy_runner@v2.0.3/sink.ts": "4c0acb814dee97ffffaea145413b53ccf64c0b00f105b0993383f25111ed8702",
    "https://deno.land/x/grammy_runner@v2.0.3/source.ts": "68ce5aefa92205db4710c8ac313e0c8e8c2577dd1b88f350b32ee33549188d01",
    "https://deno.land/x/grammy_runner@v2.0.3/worker.ts": "b6f88b9fde15a8dd892c8d4781e8010ef37b80faf04d6ad18db4a43e4faa42ad",
    "https://deno.land/x/grammy_types@v3.0.3/api.ts": "efc90a31eb6f59ae5e7a4cf5838f46529e2fa6fa7e97a51a82dbd28afad21592",
    "https://deno.land/x/grammy_types@v3.0.3/inline.ts": "8c84406fde94dbc790699043b08e09a9ea6f5f2467e5d0fe345465590f20d70f",
    "https://deno.land/x/grammy_types@v3.0.3/manage.ts": "f75080617453d51bf9859104f706fb051b2d944fdbd0a66f2ccd9a366f7035f6",
    "https://deno.land/x/grammy_types@v3.0.3/markup.ts": "70fbfa9e2403fc1683c2eba22c6efe0803e5be81091e2a0e92b48f6da2527994",
    "https://deno.land/x/grammy_types@v3.0.3/message.ts": "5b78e2d99bff5002955d890df06ccbc2c29caff5ed11f580db79f4b325a3bc0e",
    "https://deno.land/x/grammy_types@v3.0.3/methods.ts": "42228f711ef977e196cce37e788c3d8f12c8d34d774e33aeb9f4b99d8460d55f",
    "https://deno.land/x/grammy_types@v3.0.3/mod.ts": "c9171f1ad0d4ae2b5c07b15b559b7e6a09f5083fec50587419cd1fb7b20b5554",
    "https://deno.land/x/grammy_types@v3.0.3/passport.ts": "e3fb63aec96510bcc317ef48fd25b435444b8f407502d7568c00fce15f2958fd",
    "https://deno.land/x/grammy_types@v3.0.3/payment.ts": "d23e9038c5b479b606e620dd84e3e67b6642ada110a962f2d5b5286e99ec7de5",
    "https://deno.land/x/grammy_types@v3.0.3/settings.ts": "1706823f6a0d1f538f286cc80830077a6f5d01da4c4742d63f25172e329aadde",
    "https://deno.land/x/grammy_types@v3.0.3/update.ts": "9415d29fd8f148f880e15daa04ece325d4f5a5a03bcd2bdce66ec32e53116aea",
    "https://deno.land/x/redis@v0.27.4/backoff.ts": "33e4a6e245f8743fbae0ce583993a671a3ac2ecee433a3e7f0bd77b5dd541d84",
    "https://deno.land/x/redis@v0.27.4/command.ts": "9d1a679821c9065298fc2b8831b6532605426259b17a1f9d41ee9219180244c7",
    "https://deno.land/x/redis@v0.27.4/connection.ts": "c31d2e0cb360bc641e7286f1d53cf58790fbcda025c06887f84a821f39d0fdff",
    "https://deno.land/x/redis@v0.27.4/errors.ts": "bc8f7091cb9f36cdd31229660e0139350b02c26851e3ac69d592c066745feb27",
    "https://deno.land/x/redis@v0.27.4/executor.ts": "03e5f43df4e0c9c62b0e1be778811d45b6a1966ddf406e21ed5a227af70b7183",
    "https://deno.land/x/redis@v0.27.4/mod.ts": "20908f005f5c102525ce6aa9261648c95c5f61c6cf782b2cbb2fce88b1220f69",
    "https://deno.land/x/redis@v0.27.4/pipeline.ts": "80cc26a881149264d51dd019f1044c4ec9012399eca9f516057dc81c9b439370",
    "https://deno.land/x/redis@v0.27.4/protocol/_util.ts": "0525f7f444a96b92cd36423abdfe221f8d8de4a018dc5cb6750a428a5fc897c2",
    "https://deno.land/x/redis@v0.27.4/protocol/command.ts": "d284f41472928ce02ae63821de84d3cca53a5b81190f2ef1dd38201d7226ab79",
    "https://deno.land/x/redis@v0.27.4/protocol/mod.ts": "f2601df31d8adc71785b5d19f6a7e43dfce94adbb6735c4dafc1fb129169d11a",
    "https://deno.land/x/redis@v0.27.4/protocol/reply.ts": "925a7c0d585bcd120a2b926a7955c69318fd371f403027866cb901d960bd3fb1",
    "https://deno.land/x/redis@v0.27.4/protocol/types.ts": "6bf515b69712dfd4ab45caf1d0054b8fcdd6e1afb55b2bd9a221e9ecb066f658",
    "https://deno.land/x/redis@v0.27.4/pubsub.ts": "03d9624a8bc071891fb21b29624be0d60875fbd6ef06d5c71d96d778c9ab44ae",
    "https://deno.land/x/redis@v0.27.4/redis.ts": "a7124077920b84e6cfa230fb6ee9259dc7acfb7fd1bcf6c57219210c7dd1022e",
    "https://deno.land/x/redis@v0.27.4/stream.ts": "f116d73cfe04590ff9fa8a3c08be8ff85219d902ef2f6929b8c1e88d92a07810",
    "https://deno.land/x/redis@v0.27.4/vendor/https/deno.land/std/async/deferred.ts": "34768f0a7c7873f2c5f205bdd7b94bc5b95153a30ec2901c9237d29cf8d2ffc4",
    "https://deno.land/x/redis@v0.27.4/vendor/https/deno.land/std/async/delay.ts": "4837c1cdc23448ff2e93f4d67eb2ad6dbc4a03af6b932eefb0efb1e17b08f07d",
    "https://deno.land/x/redis@v0.27.4/vendor/https/deno.land/std/io/buffer.ts": "56cc88fb8625276817bb33cd6bc2faf450e778e31fc26e2e2385e1a344481d5b",
    "https://deno.land/x/redis@v0.29.2/backoff.ts": "33e4a6e245f8743fbae0ce583993a671a3ac2ecee433a3e7f0bd77b5dd541d84",
    "https://deno.land/x/redis@v0.29.2/command.ts": "9d1a679821c9065298fc2b8831b6532605426259b17a1f9d41ee9219180244c7",
    "https://deno.land/x/redis@v0.29.2/connection.ts": "335f0aa728b8e0b90353c4015daf5abaa7cae657739eb66cb48324f2d197dcc0",
    "https://deno.land/x/redis@v0.29.2/errors.ts": "589c41fc0fbd9fbac896a2517cf461a6af211432dd4bb77e0681f5a256d46e66",
    "https://deno.land/x/redis@v0.29.2/executor.ts": "0e78c2756f6d14fc0a001bb7527c50c7055880d8e052a9964ecf070a3045f8c7",
    "https://deno.land/x/redis@v0.29.2/mod.ts": "20908f005f5c102525ce6aa9261648c95c5f61c6cf782b2cbb2fce88b1220f69",
    "https://deno.land/x/redis@v0.29.2/pipeline.ts": "80cc26a881149264d51dd019f1044c4ec9012399eca9f516057dc81c9b439370",
    "https://deno.land/x/redis@v0.29.2/protocol/_util.ts": "0525f7f444a96b92cd36423abdfe221f8d8de4a018dc5cb6750a428a5fc897c2",
    "https://deno.land/x/redis@v0.29.2/protocol/command.ts": "610180ecfaad1d99b32c2a1e3fb41521e3374c4eac0314f2b6e27b2cb3d6a4d9",
    "https://deno.land/x/redis@v0.29.2/protocol/mod.ts": "f2601df31d8adc71785b5d19f6a7e43dfce94adbb6735c4dafc1fb129169d11a",
    "https://deno.land/x/redis@v0.29.2/protocol/reply.ts": "4b7432263924ca611f08af818436eafd9433eef07a835bc0338a08def5db1a30",
    "https://deno.land/x/redis@v0.29.2/protocol/types.ts": "6bf515b69712dfd4ab45caf1d0054b8fcdd6e1afb55b2bd9a221e9ecb066f658",
    "https://deno.land/x/redis@v0.29.2/pubsub.ts": "58b7431c1383fc20addfc7ab1272b28e35a4d101173ea59ade28612ad7fef573",
    "https://deno.land/x/redis@v0.29.2/redis.ts": "dd1aed5b604f2514475dd7f78cc06b1f9f9dc17897f6f3ebda72ef3d5227b3be",
    "https://deno.land/x/redis@v0.29.2/stream.ts": "f116d73cfe04590ff9fa8a3c08be8ff85219d902ef2f6929b8c1e88d92a07810",
    "https://deno.land/x/redis@v0.29.2/vendor/https/deno.land/std/async/deferred.ts": "ef161b2d69f52e5f2d5250227afb5fcecfa038217a37555868152d3c47c8d61c",
    "https://deno.land/x/redis@v0.29.2/vendor/https/deno.land/std/async/delay.ts": "07bb8709c87bf457da6a7460668aa63afcda738719f5941237cb74ef795f49a8",
    "https://deno.land/x/redis@v0.29.2/vendor/https/deno.land/std/io/buf_reader.ts": "b8cd05912ca54ebebc77bddbd38612bfff585ca7f053d94038b8c644e6a17e0b",
    "https://deno.land/x/redis@v0.29.2/vendor/https/deno.land/std/io/buf_writer.ts": "2137f495110ebfa615bf9ab684ffc5af902a41ab3911cdd997eefc1ae529c54a",
    "https://esm.sh/@grammyjs/types@2.10.0": "0e73c0a69f7319aca578c2261dc19260fff4c026be3755b09c0a60c583cbd361",
    "https://esm.sh/v98/@grammyjs/types@2.10.0/api.d.ts": "efc90a31eb6f59ae5e7a4cf5838f46529e2fa6fa7e97a51a82dbd28afad21592",
    "https://esm.sh/v98/@grammyjs/types@2.10.0/deno/types.js": "56f17a0d1225b8dd12f7b0610c56ea32847807a42910a28997a5129f19b3afab",
    "https://esm.sh/v98/@grammyjs/types@2.10.0/index.d.ts": "1c60004dec6270d9badd5ed195dbd6d4ddd00fa701acfeea922ed9f4861576a4",
    "https://esm.sh/v98/@grammyjs/types@2.10.0/inline.d.ts": "573b2790679c5c0910847a60064ae85c6f6007bfa139e3f611dd917f9c54399b",
    "https://esm.sh/v98/@grammyjs/types@2.10.0/manage.d.ts": "b676fb7be0583d2a9332b13eb928bffea0d106c8d24b9fd84809addc0830d8c0",
    "https://esm.sh/v98/@grammyjs/types@2.10.0/markup.d.ts": "a70b21cd9e7a6708c0f3697b067e0b97cec864a960883e0c3e9dd16c18ee0d5e",
    "https://esm.sh/v98/@grammyjs/types@2.10.0/menu-button.d.ts": "096e03dadaf3af415c48c14cb91380769df01dcccbb0931575bf5f15a5df5cd7",
    "https://esm.sh/v98/@grammyjs/types@2.10.0/message.d.ts": "72e7ea2b9424c966db0599e75852c230281c3453531100bf1b432921c1da227f",
    "https://esm.sh/v98/@grammyjs/types@2.10.0/passport.d.ts": "e3fb63aec96510bcc317ef48fd25b435444b8f407502d7568c00fce15f2958fd",
    "https://esm.sh/v98/@grammyjs/types@2.10.0/payment.d.ts": "410c384a26d24252219713adeb0c360d5d038102ab9d1a6e9aad20b603830d0c",
    "https://esm.sh/v98/@grammyjs/types@2.10.0/proxied.d.ts": "a4720570e16d86b6030d0e03ad1b7eb3fa492d9e24833fa322f09f3494874629",
    "https://esm.sh/v98/@grammyjs/types@2.10.0/update.d.ts": "caf8e01cc0857bde5a787243bc307d3e621f86242dd4058f5e20b156f61c083d"
  }
}
